// !$*UTF8*$!
{
	archiveVersion = 1;
	classes = {
	};
	objectVersion = 55;
	objects = {

/* Begin PBXBuildFile section */
		2B3062162857C756003EC73E /* AppDelegate.swift in Sources */ = {isa = PBXBuildFile; fileRef = 2B3062152857C756003EC73E /* AppDelegate.swift */; };
		2B3062182857C756003EC73E /* SceneDelegate.swift in Sources */ = {isa = PBXBuildFile; fileRef = 2B3062172857C756003EC73E /* SceneDelegate.swift */; };
		2B30621A2857C756003EC73E /* CommentsViewController.swift in Sources */ = {isa = PBXBuildFile; fileRef = 2B3062192857C756003EC73E /* CommentsViewController.swift */; };
		2B30621D2857C756003EC73E /* Main.storyboard in Resources */ = {isa = PBXBuildFile; fileRef = 2B30621B2857C756003EC73E /* Main.storyboard */; };
		2B30621F2857C758003EC73E /* Assets.xcassets in Resources */ = {isa = PBXBuildFile; fileRef = 2B30621E2857C758003EC73E /* Assets.xcassets */; };
		2B3062222857C758003EC73E /* LaunchScreen.storyboard in Resources */ = {isa = PBXBuildFile; fileRef = 2B3062202857C758003EC73E /* LaunchScreen.storyboard */; };
		2B3062352857D3BB003EC73E /* CommentCell.swift in Sources */ = {isa = PBXBuildFile; fileRef = 2B3062342857D3BB003EC73E /* CommentCell.swift */; };
		2B3062372857D654003EC73E /* Comment.swift in Sources */ = {isa = PBXBuildFile; fileRef = 2B3062362857D654003EC73E /* Comment.swift */; };
		2B30623A2857DA33003EC73E /* NetworkService.swift in Sources */ = {isa = PBXBuildFile; fileRef = 2B3062392857DA33003EC73E /* NetworkService.swift */; };
		2B30623D2857DF32003EC73E /* CommentNetworkService.swift in Sources */ = {isa = PBXBuildFile; fileRef = 2B30623C2857DF32003EC73E /* CommentNetworkService.swift */; };
		2B30623F2857E016003EC73E /* GetCommentResponce.swift in Sources */ = {isa = PBXBuildFile; fileRef = 2B30623E2857E016003EC73E /* GetCommentResponce.swift */; };
/* End PBXBuildFile section */

/* Begin PBXFileReference section */
		2B3062122857C756003EC73E /* MVC-N.app */ = {isa = PBXFileReference; explicitFileType = wrapper.application; includeInIndex = 0; path = "MVC-N.app"; sourceTree = BUILT_PRODUCTS_DIR; };
		2B3062152857C756003EC73E /* AppDelegate.swift */ = {isa = PBXFileReference; lastKnownFileType = sourcecode.swift; path = AppDelegate.swift; sourceTree = "<group>"; };
		2B3062172857C756003EC73E /* SceneDelegate.swift */ = {isa = PBXFileReference; lastKnownFileType = sourcecode.swift; path = SceneDelegate.swift; sourceTree = "<group>"; };
		2B3062192857C756003EC73E /* CommentsViewController.swift */ = {isa = PBXFileReference; lastKnownFileType = sourcecode.swift; path = CommentsViewController.swift; sourceTree = "<group>"; };
		2B30621C2857C756003EC73E /* Base */ = {isa = PBXFileReference; lastKnownFileType = file.storyboard; name = Base; path = Base.lproj/Main.storyboard; sourceTree = "<group>"; };
		2B30621E2857C758003EC73E /* Assets.xcassets */ = {isa = PBXFileReference; lastKnownFileType = folder.assetcatalog; path = Assets.xcassets; sourceTree = "<group>"; };
		2B3062212857C758003EC73E /* Base */ = {isa = PBXFileReference; lastKnownFileType = file.storyboard; name = Base; path = Base.lproj/LaunchScreen.storyboard; sourceTree = "<group>"; };
		2B3062232857C758003EC73E /* Info.plist */ = {isa = PBXFileReference; lastKnownFileType = text.plist.xml; path = Info.plist; sourceTree = "<group>"; };
		2B3062342857D3BB003EC73E /* CommentCell.swift */ = {isa = PBXFileReference; lastKnownFileType = sourcecode.swift; path = CommentCell.swift; sourceTree = "<group>"; };
		2B3062362857D654003EC73E /* Comment.swift */ = {isa = PBXFileReference; lastKnownFileType = sourcecode.swift; path = Comment.swift; sourceTree = "<group>"; };
		2B3062392857DA33003EC73E /* NetworkService.swift */ = {isa = PBXFileReference; lastKnownFileType = sourcecode.swift; path = NetworkService.swift; sourceTree = "<group>"; };
		2B30623C2857DF32003EC73E /* CommentNetworkService.swift */ = {isa = PBXFileReference; lastKnownFileType = sourcecode.swift; path = CommentNetworkService.swift; sourceTree = "<group>"; };
		2B30623E2857E016003EC73E /* GetCommentResponce.swift */ = {isa = PBXFileReference; lastKnownFileType = sourcecode.swift; path = GetCommentResponce.swift; sourceTree = "<group>"; };
/* End PBXFileReference section */

/* Begin PBXFrameworksBuildPhase section */
		2B30620F2857C756003EC73E /* Frameworks */ = {
			isa = PBXFrameworksBuildPhase;
			buildActionMask = 2147483647;
			files = (
			);
			runOnlyForDeploymentPostprocessing = 0;
		};
/* End PBXFrameworksBuildPhase section */

/* Begin PBXGroup section */
		2B3062092857C756003EC73E = {
			isa = PBXGroup;
			children = (
				2B3062142857C756003EC73E /* MVC-N */,
				2B3062132857C756003EC73E /* Products */,
			);
			sourceTree = "<group>";
		};
		2B3062132857C756003EC73E /* Products */ = {
			isa = PBXGroup;
			children = (
				2B3062122857C756003EC73E /* MVC-N.app */,
			);
			name = Products;
			sourceTree = "<group>";
		};
		2B3062142857C756003EC73E /* MVC-N */ = {
			isa = PBXGroup;
			children = (
				2B30622E2857CAE7003EC73E /* Application */,
				2B30622F2857CB27003EC73E /* Comments */,
				2B3062332857CBB0003EC73E /* Supporting files */,
			);
			path = "MVC-N";
			sourceTree = "<group>";
		};
		2B3062292857CA9C003EC73E /* Models */ = {
			isa = PBXGroup;
			children = (
			);
			path = Models;
			sourceTree = "<group>";
		};
		2B30622B2857CAAC003EC73E /* Controllers */ = {
			isa = PBXGroup;
			children = (
				2B3062172857C756003EC73E /* SceneDelegate.swift */,
				2B3062152857C756003EC73E /* AppDelegate.swift */,
			);
			path = Controllers;
			sourceTree = "<group>";
		};
		2B30622C2857CAD1003EC73E /* Views */ = {
			isa = PBXGroup;
			children = (
				2B3062202857C758003EC73E /* LaunchScreen.storyboard */,
			);
			path = Views;
			sourceTree = "<group>";
		};
		2B30622E2857CAE7003EC73E /* Application */ = {
			isa = PBXGroup;
			children = (
				2B3062292857CA9C003EC73E /* Models */,
				2B30622C2857CAD1003EC73E /* Views */,
				2B30622B2857CAAC003EC73E /* Controllers */,
				2B3062382857D9FF003EC73E /* NetworkService */,
			);
			path = Application;
			sourceTree = "<group>";
		};
		2B30622F2857CB27003EC73E /* Comments */ = {
			isa = PBXGroup;
			children = (
				2B3062322857CB46003EC73E /* Models */,
				2B3062312857CB3F003EC73E /* Views */,
				2B30623B2857DEDD003EC73E /* CommentNetworkService */,
				2B3062302857CB37003EC73E /* Controllers */,
			);
			path = Comments;
			sourceTree = "<group>";
		};
		2B3062302857CB37003EC73E /* Controllers */ = {
			isa = PBXGroup;
			children = (
				2B3062192857C756003EC73E /* CommentsViewController.swift */,
			);
			path = Controllers;
			sourceTree = "<group>";
		};
		2B3062312857CB3F003EC73E /* Views */ = {
			isa = PBXGroup;
			children = (
				2B30621B2857C756003EC73E /* Main.storyboard */,
				2B3062342857D3BB003EC73E /* CommentCell.swift */,
			);
			path = Views;
			sourceTree = "<group>";
		};
		2B3062322857CB46003EC73E /* Models */ = {
			isa = PBXGroup;
			children = (
				2B3062362857D654003EC73E /* Comment.swift */,
				2B30623E2857E016003EC73E /* GetCommentResponce.swift */,
			);
			path = Models;
			sourceTree = "<group>";
		};
		2B3062332857CBB0003EC73E /* Supporting files */ = {
			isa = PBXGroup;
			children = (
				2B30621E2857C758003EC73E /* Assets.xcassets */,
				2B3062232857C758003EC73E /* Info.plist */,
			);
			path = "Supporting files";
			sourceTree = "<group>";
		};
		2B3062382857D9FF003EC73E /* NetworkService */ = {
			isa = PBXGroup;
			children = (
				2B3062392857DA33003EC73E /* NetworkService.swift */,
			);
			path = NetworkService;
			sourceTree = "<group>";
		};
		2B30623B2857DEDD003EC73E /* CommentNetworkService */ = {
			isa = PBXGroup;
			children = (
				2B30623C2857DF32003EC73E /* CommentNetworkService.swift */,
			);
			path = CommentNetworkService;
			sourceTree = "<group>";
		};
/* End PBXGroup section */

/* Begin PBXNativeTarget section */
		2B3062112857C756003EC73E /* MVC-N */ = {
			isa = PBXNativeTarget;
			buildConfigurationList = 2B3062262857C758003EC73E /* Build configuration list for PBXNativeTarget "MVC-N" */;
			buildPhases = (
				2B30620E2857C756003EC73E /* Sources */,
				2B30620F2857C756003EC73E /* Frameworks */,
				2B3062102857C756003EC73E /* Resources */,
			);
			buildRules = (
			);
			dependencies = (
			);
			name = "MVC-N";
			productName = "MVC-N";
			productReference = 2B3062122857C756003EC73E /* MVC-N.app */;
			productType = "com.apple.product-type.application";
		};
/* End PBXNativeTarget section */

/* Begin PBXProject section */
		2B30620A2857C756003EC73E /* Project object */ = {
			isa = PBXProject;
			attributes = {
				BuildIndependentTargetsInParallel = 1;
				LastSwiftUpdateCheck = 1340;
				LastUpgradeCheck = 1340;
				TargetAttributes = {
					2B3062112857C756003EC73E = {
						CreatedOnToolsVersion = 13.4;
					};
				};
			};
			buildConfigurationList = 2B30620D2857C756003EC73E /* Build configuration list for PBXProject "MVC-N" */;
			compatibilityVersion = "Xcode 13.0";
			developmentRegion = en;
			hasScannedForEncodings = 0;
			knownRegions = (
				en,
				Base,
			);
			mainGroup = 2B3062092857C756003EC73E;
			productRefGroup = 2B3062132857C756003EC73E /* Products */;
			projectDirPath = "";
			projectRoot = "";
			targets = (
				2B3062112857C756003EC73E /* MVC-N */,
			);
		};
/* End PBXProject section */

/* Begin PBXResourcesBuildPhase section */
		2B3062102857C756003EC73E /* Resources */ = {
			isa = PBXResourcesBuildPhase;
			buildActionMask = 2147483647;
			files = (
				2B3062222857C758003EC73E /* LaunchScreen.storyboard in Resources */,
				2B30621F2857C758003EC73E /* Assets.xcassets in Resources */,
				2B30621D2857C756003EC73E /* Main.storyboard in Resources */,
			);
			runOnlyForDeploymentPostprocessing = 0;
		};
/* End PBXResourcesBuildPhase section */

/* Begin PBXSourcesBuildPhase section */
		2B30620E2857C756003EC73E /* Sources */ = {
			isa = PBXSourcesBuildPhase;
			buildActionMask = 2147483647;
			files = (
				2B3062372857D654003EC73E /* Comment.swift in Sources */,
				2B30621A2857C756003EC73E /* CommentsViewController.swift in Sources */,
				2B3062162857C756003EC73E /* AppDelegate.swift in Sources */,
				2B3062182857C756003EC73E /* SceneDelegate.swift in Sources */,
				2B30623A2857DA33003EC73E /* NetworkService.swift in Sources */,
				2B30623F2857E016003EC73E /* GetCommentResponce.swift in Sources */,
				2B3062352857D3BB003EC73E /* CommentCell.swift in Sources */,
				2B30623D2857DF32003EC73E /* CommentNetworkService.swift in Sources */,
			);
			runOnlyForDeploymentPostprocessing = 0;
		};
/* End PBXSourcesBuildPhase section */

/* Begin PBXVariantGroup section */
		2B30621B2857C756003EC73E /* Main.storyboard */ = {
			isa = PBXVariantGroup;
			children = (
				2B30621C2857C756003EC73E /* Base */,
			);
			name = Main.storyboard;
			sourceTree = "<group>";
		};
		2B3062202857C758003EC73E /* LaunchScreen.storyboard */ = {
			isa = PBXVariantGroup;
			children = (
				2B3062212857C758003EC73E /* Base */,
			);
			name = LaunchScreen.storyboard;
			sourceTree = "<group>";
		};
/* End PBXVariantGroup section */

/* Begin XCBuildConfiguration section */
		2B3062242857C758003EC73E /* Debug */ = {
			isa = XCBuildConfiguration;
			buildSettings = {
				ALWAYS_SEARCH_USER_PATHS = NO;
				CLANG_ANALYZER_NONNULL = YES;
				CLANG_ANALYZER_NUMBER_OBJECT_CONVERSION = YES_AGGRESSIVE;
				CLANG_CXX_LANGUAGE_STANDARD = "gnu++17";
				CLANG_ENABLE_MODULES = YES;
				CLANG_ENABLE_OBJC_ARC = YES;
				CLANG_ENABLE_OBJC_WEAK = YES;
				CLANG_WARN_BLOCK_CAPTURE_AUTORELEASING = YES;
				CLANG_WARN_BOOL_CONVERSION = YES;
				CLANG_WARN_COMMA = YES;
				CLANG_WARN_CONSTANT_CONVERSION = YES;
				CLANG_WARN_DEPRECATED_OBJC_IMPLEMENTATIONS = YES;
				CLANG_WARN_DIRECT_OBJC_ISA_USAGE = YES_ERROR;
				CLANG_WARN_DOCUMENTATION_COMMENTS = YES;
				CLANG_WARN_EMPTY_BODY = YES;
				CLANG_WARN_ENUM_CONVERSION = YES;
				CLANG_WARN_INFINITE_RECURSION = YES;
				CLANG_WARN_INT_CONVERSION = YES;
				CLANG_WARN_NON_LITERAL_NULL_CONVERSION = YES;
				CLANG_WARN_OBJC_IMPLICIT_RETAIN_SELF = YES;
				CLANG_WARN_OBJC_LITERAL_CONVERSION = YES;
				CLANG_WARN_OBJC_ROOT_CLASS = YES_ERROR;
				CLANG_WARN_QUOTED_INCLUDE_IN_FRAMEWORK_HEADER = YES;
				CLANG_WARN_RANGE_LOOP_ANALYSIS = YES;
				CLANG_WARN_STRICT_PROTOTYPES = YES;
				CLANG_WARN_SUSPICIOUS_MOVE = YES;
				CLANG_WARN_UNGUARDED_AVAILABILITY = YES_AGGRESSIVE;
				CLANG_WARN_UNREACHABLE_CODE = YES;
				CLANG_WARN__DUPLICATE_METHOD_MATCH = YES;
				COPY_PHASE_STRIP = NO;
				DEBUG_INFORMATION_FORMAT = dwarf;
				ENABLE_STRICT_OBJC_MSGSEND = YES;
				ENABLE_TESTABILITY = YES;
				GCC_C_LANGUAGE_STANDARD = gnu11;
				GCC_DYNAMIC_NO_PIC = NO;
				GCC_NO_COMMON_BLOCKS = YES;
				GCC_OPTIMIZATION_LEVEL = 0;
				GCC_PREPROCESSOR_DEFINITIONS = (
					"DEBUG=1",
					"$(inherited)",
				);
				GCC_WARN_64_TO_32_BIT_CONVERSION = YES;
				GCC_WARN_ABOUT_RETURN_TYPE = YES_ERROR;
				GCC_WARN_UNDECLARED_SELECTOR = YES;
				GCC_WARN_UNINITIALIZED_AUTOS = YES_AGGRESSIVE;
				GCC_WARN_UNUSED_FUNCTION = YES;
				GCC_WARN_UNUSED_VARIABLE = YES;
				IPHONEOS_DEPLOYMENT_TARGET = 15.5;
				MTL_ENABLE_DEBUG_INFO = INCLUDE_SOURCE;
				MTL_FAST_MATH = YES;
				ONLY_ACTIVE_ARCH = YES;
				SDKROOT = iphoneos;
				SWIFT_ACTIVE_COMPILATION_CONDITIONS = DEBUG;
				SWIFT_OPTIMIZATION_LEVEL = "-Onone";
			};
			name = Debug;
		};
		2B3062252857C758003EC73E /* Release */ = {
			isa = XCBuildConfiguration;
			buildSettings = {
				ALWAYS_SEARCH_USER_PATHS = NO;
				CLANG_ANALYZER_NONNULL = YES;
				CLANG_ANALYZER_NUMBER_OBJECT_CONVERSION = YES_AGGRESSIVE;
				CLANG_CXX_LANGUAGE_STANDARD = "gnu++17";
				CLANG_ENABLE_MODULES = YES;
				CLANG_ENABLE_OBJC_ARC = YES;
				CLANG_ENABLE_OBJC_WEAK = YES;
				CLANG_WARN_BLOCK_CAPTURE_AUTORELEASING = YES;
				CLANG_WARN_BOOL_CONVERSION = YES;
				CLANG_WARN_COMMA = YES;
				CLANG_WARN_CONSTANT_CONVERSION = YES;
				CLANG_WARN_DEPRECATED_OBJC_IMPLEMENTATIONS = YES;
				CLANG_WARN_DIRECT_OBJC_ISA_USAGE = YES_ERROR;
				CLANG_WARN_DOCUMENTATION_COMMENTS = YES;
				CLANG_WARN_EMPTY_BODY = YES;
				CLANG_WARN_ENUM_CONVERSION = YES;
				CLANG_WARN_INFINITE_RECURSION = YES;
				CLANG_WARN_INT_CONVERSION = YES;
				CLANG_WARN_NON_LITERAL_NULL_CONVERSION = YES;
				CLANG_WARN_OBJC_IMPLICIT_RETAIN_SELF = YES;
				CLANG_WARN_OBJC_LITERAL_CONVERSION = YES;
				CLANG_WARN_OBJC_ROOT_CLASS = YES_ERROR;
				CLANG_WARN_QUOTED_INCLUDE_IN_FRAMEWORK_HEADER = YES;
				CLANG_WARN_RANGE_LOOP_ANALYSIS = YES;
				CLANG_WARN_STRICT_PROTOTYPES = YES;
				CLANG_WARN_SUSPICIOUS_MOVE = YES;
				CLANG_WARN_UNGUARDED_AVAILABILITY = YES_AGGRESSIVE;
				CLANG_WARN_UNREACHABLE_CODE = YES;
				CLANG_WARN__DUPLICATE_METHOD_MATCH = YES;
				COPY_PHASE_STRIP = NO;
				DEBUG_INFORMATION_FORMAT = "dwarf-with-dsym";
				ENABLE_NS_ASSERTIONS = NO;
				ENABLE_STRICT_OBJC_MSGSEND = YES;
				GCC_C_LANGUAGE_STANDARD = gnu11;
				GCC_NO_COMMON_BLOCKS = YES;
				GCC_WARN_64_TO_32_BIT_CONVERSION = YES;
				GCC_WARN_ABOUT_RETURN_TYPE = YES_ERROR;
				GCC_WARN_UNDECLARED_SELECTOR = YES;
				GCC_WARN_UNINITIALIZED_AUTOS = YES_AGGRESSIVE;
				GCC_WARN_UNUSED_FUNCTION = YES;
				GCC_WARN_UNUSED_VARIABLE = YES;
				IPHONEOS_DEPLOYMENT_TARGET = 15.5;
				MTL_ENABLE_DEBUG_INFO = NO;
				MTL_FAST_MATH = YES;
				SDKROOT = iphoneos;
				SWIFT_COMPILATION_MODE = wholemodule;
				SWIFT_OPTIMIZATION_LEVEL = "-O";
				VALIDATE_PRODUCT = YES;
			};
			name = Release;
		};
		2B3062272857C758003EC73E /* Debug */ = {
			isa = XCBuildConfiguration;
			buildSettings = {
				ASSETCATALOG_COMPILER_APPICON_NAME = AppIcon;
				ASSETCATALOG_COMPILER_GLOBAL_ACCENT_COLOR_NAME = AccentColor;
				CODE_SIGN_STYLE = Automatic;
				CURRENT_PROJECT_VERSION = 1;
				DEVELOPMENT_TEAM = RB3BCBLCA6;
				GENERATE_INFOPLIST_FILE = YES;
				INFOPLIST_FILE = "MVC-N/Supporting files/Info.plist";
				INFOPLIST_KEY_UIApplicationSupportsIndirectInputEvents = YES;
				INFOPLIST_KEY_UILaunchStoryboardName = LaunchScreen;
				INFOPLIST_KEY_UIMainStoryboardFile = Main;
				INFOPLIST_KEY_UISupportedInterfaceOrientations_iPad = "UIInterfaceOrientationPortrait UIInterfaceOrientationPortraitUpsideDown UIInterfaceOrientationLandscapeLeft UIInterfaceOrientationLandscapeRight";
				INFOPLIST_KEY_UISupportedInterfaceOrientations_iPhone = "UIInterfaceOrientationPortrait UIInterfaceOrientationLandscapeLeft UIInterfaceOrientationLandscapeRight";
				LD_RUNPATH_SEARCH_PATHS = (
					"$(inherited)",
					"@executable_path/Frameworks",
				);
				MARKETING_VERSION = 1.0;
				PRODUCT_BUNDLE_IDENTIFIER = "com.thefiltitoff.MVC-N";
				PRODUCT_NAME = "$(TARGET_NAME)";
				SWIFT_EMIT_LOC_STRINGS = YES;
				SWIFT_VERSION = 5.0;
				TARGETED_DEVICE_FAMILY = "1,2";
			};
			name = Debug;
		};
		2B3062282857C758003EC73E /* Release */ = {
			isa = XCBuildConfiguration;
			buildSettings = {
				ASSETCATALOG_COMPILER_APPICON_NAME = AppIcon;
				ASSETCATALOG_COMPILER_GLOBAL_ACCENT_COLOR_NAME = AccentColor;
				CODE_SIGN_STYLE = Automatic;
				CURRENT_PROJECT_VERSION = 1;
				DEVELOPMENT_TEAM = RB3BCBLCA6;
				GENERATE_INFOPLIST_FILE = YES;
				INFOPLIST_FILE = "MVC-N/Supporting files/Info.plist";
				INFOPLIST_KEY_UIApplicationSupportsIndirectInputEvents = YES;
				INFOPLIST_KEY_UILaunchStoryboardName = LaunchScreen;
				INFOPLIST_KEY_UIMainStoryboardFile = Main;
				INFOPLIST_KEY_UISupportedInterfaceOrientations_iPad = "UIInterfaceOrientationPortrait UIInterfaceOrientationPortraitUpsideDown UIInterfaceOrientationLandscapeLeft UIInterfaceOrientationLandscapeRight";
				INFOPLIST_KEY_UISupportedInterfaceOrientations_iPhone = "UIInterfaceOrientationPortrait UIInterfaceOrientationLandscapeLeft UIInterfaceOrientationLandscapeRight";
				LD_RUNPATH_SEARCH_PATHS = (
					"$(inherited)",
					"@executable_path/Frameworks",
				);
				MARKETING_VERSION = 1.0;
				PRODUCT_BUNDLE_IDENTIFIER = "com.thefiltitoff.MVC-N";
				PRODUCT_NAME = "$(TARGET_NAME)";
				SWIFT_EMIT_LOC_STRINGS = YES;
				SWIFT_VERSION = 5.0;
				TARGETED_DEVICE_FAMILY = "1,2";
			};
			name = Release;
		};
/* End XCBuildConfiguration section */

/* Begin XCConfigurationList section */
		2B30620D2857C756003EC73E /* Build configuration list for PBXProject "MVC-N" */ = {
			isa = XCConfigurationList;
			buildConfigurations = (
				2B3062242857C758003EC73E /* Debug */,
				2B3062252857C758003EC73E /* Release */,
			);
			defaultConfigurationIsVisible = 0;
			defaultConfigurationName = Release;
		};
		2B3062262857C758003EC73E /* Build configuration list for PBXNativeTarget "MVC-N" */ = {
			isa = XCConfigurationList;
			buildConfigurations = (
				2B3062272857C758003EC73E /* Debug */,
				2B3062282857C758003EC73E /* Release */,
			);
			defaultConfigurationIsVisible = 0;
			defaultConfigurationName = Release;
		};
/* End XCConfigurationList section */
	};
	rootObject = 2B30620A2857C756003EC73E /* Project object */;
}
